
Microsoft Visual Studio Solution File, Format Version 12.00
# Visual Studio Version 17
VisualStudioVersion = 17.7.34024.191
MinimumVisualStudioVersion = 10.0.40219.1
Project("{FAE04EC0-301F-11D3-BF4B-00C04F79EFBC}") = "mywebapp", "mywebapp\mywebapp.csproj", "{9E59A935-3B40-4D2A-8B15-6CC9F3B5B989}"
EndProject
Global
	GlobalSection(SolutionConfigurationPlatforms) = preSolution
		Debug|Any CPU = Debug|Any CPU
		Release|Any CPU = Release|Any CPU
	EndGlobalSection
	GlobalSection(ProjectConfigurationPlatforms) = postSolution
		{9E59A935-3B40-4D2A-8B15-6CC9F3B5B989}.Debug|Any CPU.ActiveCfg = Debug|Any CPU
		{9E59A935-3B40-4D2A-8B15-6CC9F3B5B989}.Debug|Any CPU.Build.0 = Debug|Any CPU
		{9E59A935-3B40-4D2A-8B15-6CC9F3B5B989}.Release|Any CPU.ActiveCfg = Release|Any CPU
		{9E59A935-3B40-4D2A-8B15-6CC9F3B5B989}.Release|Any CPU.Build.0 = Release|Any CPU
	EndGlobalSection
	GlobalSection(SolutionProperties) = preSolution
		HideSolutionNode = FALSE
	EndGlobalSection
	GlobalSection(ExtensibilityGlobals) = postSolution
		SolutionGuid = {B7D24CA7-8666-4129-A6B2-66F8B75C85A9}
	EndGlobalSection
EndGlobal
